
Microsoft Visual Studio Solution File, Format Version 12.00
# Visual Studio 15
VisualStudioVersion = 15.0.26124.0
MinimumVisualStudioVersion = 15.0.26124.0
Project("{2150E333-8FDC-42A3-9474-1A3956D46DE8}") = "src", "src", "{6EB30B7F-ABA8-40F6-B31F-E1CA56112F7A}"
EndProject
Project("{FAE04EC0-301F-11D3-BF4B-00C04F79EFBC}") = "GradeBook", "src\GradeBook\GradeBook.csproj", "{7D6CF286-1593-422F-B314-8A67C1B2F9B5}"
EndProject
Project("{2150E333-8FDC-42A3-9474-1A3956D46DE8}") = "test", "test", "{AD613DB2-44F0-46AB-BB3E-C7AD64B09B6F}"
EndProject
Project("{FAE04EC0-301F-11D3-BF4B-00C04F79EFBC}") = "GradeBook.Tests", "test\GradeBook.Tests\GradeBook.Tests.csproj", "{89A89140-403D-4CDB-A263-A9D32F2FC84F}"
EndProject
Global
	GlobalSection(SolutionConfigurationPlatforms) = preSolution
		Debug|Any CPU = Debug|Any CPU
		Debug|x64 = Debug|x64
		Debug|x86 = Debug|x86
		Release|Any CPU = Release|Any CPU
		Release|x64 = Release|x64
		Release|x86 = Release|x86
	EndGlobalSection
	GlobalSection(SolutionProperties) = preSolution
		HideSolutionNode = FALSE
	EndGlobalSection
	GlobalSection(ProjectConfigurationPlatforms) = postSolution
		{7D6CF286-1593-422F-B314-8A67C1B2F9B5}.Debug|Any CPU.ActiveCfg = Debug|Any CPU
		{7D6CF286-1593-422F-B314-8A67C1B2F9B5}.Debug|Any CPU.Build.0 = Debug|Any CPU
		{7D6CF286-1593-422F-B314-8A67C1B2F9B5}.Debug|x64.ActiveCfg = Debug|Any CPU
		{7D6CF286-1593-422F-B314-8A67C1B2F9B5}.Debug|x64.Build.0 = Debug|Any CPU
		{7D6CF286-1593-422F-B314-8A67C1B2F9B5}.Debug|x86.ActiveCfg = Debug|Any CPU
		{7D6CF286-1593-422F-B314-8A67C1B2F9B5}.Debug|x86.Build.0 = Debug|Any CPU
		{7D6CF286-1593-422F-B314-8A67C1B2F9B5}.Release|Any CPU.ActiveCfg = Release|Any CPU
		{7D6CF286-1593-422F-B314-8A67C1B2F9B5}.Release|Any CPU.Build.0 = Release|Any CPU
		{7D6CF286-1593-422F-B314-8A67C1B2F9B5}.Release|x64.ActiveCfg = Release|Any CPU
		{7D6CF286-1593-422F-B314-8A67C1B2F9B5}.Release|x64.Build.0 = Release|Any CPU
		{7D6CF286-1593-422F-B314-8A67C1B2F9B5}.Release|x86.ActiveCfg = Release|Any CPU
		{7D6CF286-1593-422F-B314-8A67C1B2F9B5}.Release|x86.Build.0 = Release|Any CPU
		{89A89140-403D-4CDB-A263-A9D32F2FC84F}.Debug|Any CPU.ActiveCfg = Debug|Any CPU
		{89A89140-403D-4CDB-A263-A9D32F2FC84F}.Debug|Any CPU.Build.0 = Debug|Any CPU
		{89A89140-403D-4CDB-A263-A9D32F2FC84F}.Debug|x64.ActiveCfg = Debug|Any CPU
		{89A89140-403D-4CDB-A263-A9D32F2FC84F}.Debug|x64.Build.0 = Debug|Any CPU
		{89A89140-403D-4CDB-A263-A9D32F2FC84F}.Debug|x86.ActiveCfg = Debug|Any CPU
		{89A89140-403D-4CDB-A263-A9D32F2FC84F}.Debug|x86.Build.0 = Debug|Any CPU
		{89A89140-403D-4CDB-A263-A9D32F2FC84F}.Release|Any CPU.ActiveCfg = Release|Any CPU
		{89A89140-403D-4CDB-A263-A9D32F2FC84F}.Release|Any CPU.Build.0 = Release|Any CPU
		{89A89140-403D-4CDB-A263-A9D32F2FC84F}.Release|x64.ActiveCfg = Release|Any CPU
		{89A89140-403D-4CDB-A263-A9D32F2FC84F}.Release|x64.Build.0 = Release|Any CPU
		{89A89140-403D-4CDB-A263-A9D32F2FC84F}.Release|x86.ActiveCfg = Release|Any CPU
		{89A89140-403D-4CDB-A263-A9D32F2FC84F}.Release|x86.Build.0 = Release|Any CPU
	EndGlobalSection
	GlobalSection(NestedProjects) = preSolution
		{7D6CF286-1593-422F-B314-8A67C1B2F9B5} = {6EB30B7F-ABA8-40F6-B31F-E1CA56112F7A}
		{89A89140-403D-4CDB-A263-A9D32F2FC84F} = {AD613DB2-44F0-46AB-BB3E-C7AD64B09B6F}
	EndGlobalSection
EndGlobal
